
Microsoft Visual Studio Solution File, Format Version 12.00
# Visual Studio Version 16
VisualStudioVersion = 16.0.33920.266
MinimumVisualStudioVersion = 10.0.40219.1
Project("{FAE04EC0-301F-11D3-BF4B-00C04F79EFBC}") = "Eccomerce", "Eccomerce.csproj", "{F7375966-3BC9-48E8-B595-2BD934E6EF31}"
EndProject
Global
	GlobalSection(SolutionConfigurationPlatforms) = preSolution
		Debug|Any CPU = Debug|Any CPU
		Release|Any CPU = Release|Any CPU
	EndGlobalSection
	GlobalSection(ProjectConfigurationPlatforms) = postSolution
		{F7375966-3BC9-48E8-B595-2BD934E6EF31}.Debug|Any CPU.ActiveCfg = Debug|Any CPU
		{F7375966-3BC9-48E8-B595-2BD934E6EF31}.Debug|Any CPU.Build.0 = Debug|Any CPU
		{F7375966-3BC9-48E8-B595-2BD934E6EF31}.Release|Any CPU.ActiveCfg = Release|Any CPU
		{F7375966-3BC9-48E8-B595-2BD934E6EF31}.Release|Any CPU.Build.0 = Release|Any CPU
	EndGlobalSection
	GlobalSection(SolutionProperties) = preSolution
		HideSolutionNode = FALSE
	EndGlobalSection
	GlobalSection(ExtensibilityGlobals) = postSolution
		SolutionGuid = {AD6E8B18-06FB-4A13-AC2B-45F39E3B26E4}
	EndGlobalSection
EndGlobal
